
Microsoft Visual Studio Solution File, Format Version 12.00
# Visual Studio Version 17
VisualStudioVersion = 17.4.33122.133
MinimumVisualStudioVersion = 10.0.40219.1
Project("{9A19103F-16F7-4668-BE54-9A1E7A4F7556}") = "EmployeeApplication", "EmployeeApplication\EmployeeApplication.csproj", "{7CCD545E-ACFB-4A64-8857-16F14A43AD52}"
EndProject
Project("{FAE04EC0-301F-11D3-BF4B-00C04F79EFBC}") = "EmployeeComponent", "EmployeeComponent\EmployeeComponent.csproj", "{891598A0-CA7E-4E61-9606-0554C0DC1AE5}"
EndProject
Global
	GlobalSection(SolutionConfigurationPlatforms) = preSolution
		Debug|Any CPU = Debug|Any CPU
		Release|Any CPU = Release|Any CPU
	EndGlobalSection
	GlobalSection(ProjectConfigurationPlatforms) = postSolution
		{7CCD545E-ACFB-4A64-8857-16F14A43AD52}.Debug|Any CPU.ActiveCfg = Debug|Any CPU
		{7CCD545E-ACFB-4A64-8857-16F14A43AD52}.Debug|Any CPU.Build.0 = Debug|Any CPU
		{7CCD545E-ACFB-4A64-8857-16F14A43AD52}.Release|Any CPU.ActiveCfg = Release|Any CPU
		{7CCD545E-ACFB-4A64-8857-16F14A43AD52}.Release|Any CPU.Build.0 = Release|Any CPU
		{891598A0-CA7E-4E61-9606-0554C0DC1AE5}.Debug|Any CPU.ActiveCfg = Debug|Any CPU
		{891598A0-CA7E-4E61-9606-0554C0DC1AE5}.Debug|Any CPU.Build.0 = Debug|Any CPU
		{891598A0-CA7E-4E61-9606-0554C0DC1AE5}.Release|Any CPU.ActiveCfg = Release|Any CPU
		{891598A0-CA7E-4E61-9606-0554C0DC1AE5}.Release|Any CPU.Build.0 = Release|Any CPU
	EndGlobalSection
	GlobalSection(SolutionProperties) = preSolution
		HideSolutionNode = FALSE
	EndGlobalSection
	GlobalSection(ExtensibilityGlobals) = postSolution
		SolutionGuid = {B6071EBD-D2EF-4765-ADDA-E3B1BBEEF044}
	EndGlobalSection
EndGlobal
